lockfileVersion: '6.0'

devDependencies:
  '@rollup/plugin-commonjs':
    specifier: ^18.0.0
    version: 18.0.0(rollup@2.45.1)
  '@rollup/plugin-typescript':
    specifier: ^8.2.1
    version: 8.2.1(rollup@2.45.1)(tslib@2.5.0)(typescript@5.0.4)
  eslint:
    specifier: ^8.38.0
    version: 8.38.0
  husky:
    specifier: ^8.0.3
    version: 8.0.3
  rollup:
    specifier: ^2.45.1
    version: 2.45.1
  rollup-plugin-node-resolve:
    specifier: ^5.2.0
    version: 5.2.0(rollup@2.45.1)

packages:

  /@eslint-community/eslint-utils@4.4.0(eslint@8.38.0):
    resolution: {integrity: sha512-1/sA4dwrzBAyeUoQ6oxahHKmrZvsnLCg4RfxW3ZFGGmQkSNQPFNLV9CUEFQP1x9EYXHTo5p6xdhZM1Ne9p/AfA==}
    engines: {node: ^12.22.0 || ^14.17.0 || >=16.0.0}
    peerDependencies:
      eslint: ^6.0.0 || ^7.0.0 || >=8.0.0
    dependencies:
      eslint: 8.38.0
      eslint-visitor-keys: 3.4.0
    dev: true

  /@eslint-community/regexpp@4.5.0:
    resolution: {integrity: sha512-vITaYzIcNmjn5tF5uxcZ/ft7/RXGrMUIS9HalWckEOF6ESiwXKoMzAQf2UW0aVd6rnOeExTJVd5hmWXucBKGXQ==}
    engines: {node: ^12.0.0 || ^14.0.0 || >=16.0.0}
    dev: true

  /@eslint/eslintrc@2.0.2:
    resolution: {integrity: sha512-3W4f5tDUra+pA+FzgugqL2pRimUTDJWKr7BINqOpkZrC0uYI0NIc0/JFgBROCU07HR6GieA5m3/rsPIhDmCXTQ==}
    engines: {node: ^12.22.0 || ^14.17.0 || >=16.0.0}
    dependencies:
      ajv: r2.cnpmjs.org/ajv@6.12.6
      debug: 4.3.4
      espree: 9.5.1
      globals: 13.20.0
      ignore: 5.2.4
      import-fresh: r2.cnpmjs.org/import-fresh@3.3.0
      js-yaml: r2.cnpmjs.org/js-yaml@4.1.0
      minimatch: 3.1.2
      strip-json-comments: r2.cnpmjs.org/strip-json-comments@3.1.1
    transitivePeerDependencies:
      - supports-color
    dev: true

  /@eslint/js@8.38.0:
    resolution: {integrity: sha512-IoD2MfUnOV58ghIHCiil01PcohxjbYR/qCxsoC+xNgUwh1EY8jOOrYmu3d3a71+tJJ23uscEV4X2HJWMsPJu4g==}
    engines: {node: ^12.22.0 || ^14.17.0 || >=16.0.0}
    dev: true

  /@humanwhocodes/config-array@0.11.8:
    resolution: {integrity: sha512-UybHIJzJnR5Qc/MsD9Kr+RpO2h+/P1GhOwdiLPXK5TWk5sgTdu88bTD9UP+CKbPPh5Rni1u0GjAdYQLemG8g+g==}
    engines: {node: '>=10.10.0'}
    dependencies:
      '@humanwhocodes/object-schema': r2.cnpmjs.org/@humanwhocodes/object-schema@1.2.1
      debug: 4.3.4
      minimatch: 3.1.2
    transitivePeerDependencies:
      - supports-color
    dev: true

  /@humanwhocodes/module-importer@1.0.1:
    resolution: {integrity: sha512-bxveV4V8v5Yb4ncFTT3rPSgZBOpCkjfK0y4oVVVJwIuDVBRMDXrPyXRL988i5ap9m9bnyEEjWfm5WkBmtffLfA==}
    engines: {node: '>=12.22'}
    dev: true

  /@rollup/plugin-commonjs@18.0.0(rollup@2.45.1):
    resolution: {integrity: sha512-fj92shhg8luw7XbA0HowAqz90oo7qtLGwqTKbyZ8pmOyH8ui5e+u0wPEgeHLH3djcVma6gUCUrjY6w5R2o1u6g==}
    engines: {node: '>= 8.0.0'}
    peerDependencies:
      rollup: ^2.30.0
    dependencies:
      '@rollup/pluginutils': 3.1.0(rollup@2.45.1)
      commondir: 1.0.1
      estree-walker: 2.0.2
      glob: 7.2.3
      is-reference: 1.2.1
      magic-string: 0.25.9
      resolve: 1.22.2
      rollup: 2.45.1
    dev: true

  /@rollup/plugin-typescript@8.2.1(rollup@2.45.1)(tslib@2.5.0)(typescript@5.0.4):
    resolution: {integrity: sha512-Qd2E1pleDR4bwyFxqbjt4eJf+wB0UKVMLc7/BAFDGVdAXQMCsD4DUv5/7/ww47BZCYxWtJqe1Lo0KVNswBJlRw==}
    engines: {node: '>=8.0.0'}
    peerDependencies:
      rollup: ^2.14.0
      tslib: '*'
      typescript: '>=3.7.0'
    dependencies:
      '@rollup/pluginutils': 3.1.0(rollup@2.45.1)
      resolve: 1.22.2
      rollup: 2.45.1
      tslib: 2.5.0
      typescript: 5.0.4
    dev: true

  /@rollup/pluginutils@3.1.0(rollup@2.45.1):
    resolution: {integrity: sha512-GksZ6pr6TpIjHm8h9lSQ8pi8BE9VeubNT0OMJ3B5uZJ8pz73NPiqOtCog/x2/QzM1ENChPKxMDhiQuRHsqc+lg==}
    engines: {node: '>= 8.0.0'}
    peerDependencies:
      rollup: ^1.20.0||^2.0.0
    dependencies:
      '@types/estree': 0.0.39
      estree-walker: 1.0.1
      picomatch: 2.3.1
      rollup: 2.45.1
    dev: true

  /@types/estree@0.0.39:
    resolution: {integrity: sha512-EYNwp3bU+98cpU4lAWYYL7Zz+2gryWH1qbdDTidVd6hkiR6weksdbMadyXKXNPEkQFhXM+hVO9ZygomHXp+AIw==}
    dev: true

  /@types/estree@1.0.1:
    resolution: {integrity: sha512-LG4opVs2ANWZ1TJoKc937iMmNstM/d0ae1vNbnBvBhqCSezgVUOzcLCqbI5elV8Vy6WKwKjaqR+zO9VKirBBCA==}
    dev: true

  /@types/node@18.15.11:
    resolution: {integrity: sha512-E5Kwq2n4SbMzQOn6wnmBjuK9ouqlURrcZDVfbo9ftDDTFt3nk7ZKK4GMOzoYgnpQJKcxwQw+lGaBvvlMo0qN/Q==}
    dev: true

  /@types/resolve@0.0.8:
    resolution: {integrity: sha512-auApPaJf3NPfe18hSoJkp8EbZzer2ISk7o8mCC3M9he/a04+gbMF97NkpD2S8riMGvm4BMRI59/SZQSaLTKpsQ==}
    dependencies:
      '@types/node': 18.15.11
    dev: true

  /acorn@8.8.2:
    resolution: {integrity: sha512-xjIYgE8HBrkpd/sJqOGNspf8uHG+NOHGOw6a/Urj8taM2EXfdNAH2oFcPeIFfsv3+kz/mJrS5VuMqbNLjCa2vw==}
    engines: {node: '>=0.4.0'}
    hasBin: true
    dev: true

  /balanced-match@1.0.2:
    resolution: {integrity: sha512-3oSeUO0TMV67hN1AmbXsK4yaqU7tjiHlbxRDZOpH0KW9+CeX4bRAaX0Anxt0tx2MrpRpWwQaPwIlISEJhYU5Pw==}
    dev: true

  /brace-expansion@1.1.11:
    resolution: {integrity: sha512-iCuPHDFgrHX7H2vEI/5xpz07zSHB00TpugqhmYtVmMO6518mCuRMoOYFldEBl0g187ufozdaHgWKcYFb61qGiA==}
    dependencies:
      balanced-match: 1.0.2
      concat-map: 0.0.1
    dev: true

  /builtin-modules@3.3.0:
    resolution: {integrity: sha512-zhaCDicdLuWN5UbN5IMnFqNMhNfo919sH85y2/ea+5Yg9TsTkeZxpL+JLbp6cgYFS4sRLp3YV4S6yDuqVWHYOw==}
    engines: {node: '>=6'}
    dev: true

  /commondir@1.0.1:
    resolution: {integrity: sha512-W9pAhw0ja1Edb5GVdIF1mjZw/ASI0AlShXM83UUGe2DVr5TdAPEA1OA8m/g8zWp9x6On7gqufY+FatDbC3MDQg==}
    dev: true

  /concat-map@0.0.1:
    resolution: {integrity: sha512-/Srv4dswyQNBfohGpz9o6Yb3Gz3SrUDqBH5rTuhGR7ahtlbYKnVxw2bCFMRljaA7EXHaXZ8wsHdodFvbkhKmqg==}
    dev: true

  /debug@4.3.4:
    resolution: {integrity: sha512-PRWFHuSU3eDtQJPvnNY7Jcket1j0t5OuOsFzPPzsekD52Zl8qUfFIPEiswXqIvHWGVHOgX+7G/vCNNhehwxfkQ==}
    engines: {node: '>=6.0'}
    peerDependencies:
      supports-color: '*'
    peerDependenciesMeta:
      supports-color:
        optional: true
    dependencies:
      ms: r2.cnpmjs.org/ms@2.1.2
    dev: true

  /eslint-scope@7.2.0:
    resolution: {integrity: sha512-DYj5deGlHBfMt15J7rdtyKNq/Nqlv5KfU4iodrQ019XESsRnwXH9KAE0y3cwtUHDo2ob7CypAnCqefh6vioWRw==}
    engines: {node: ^12.22.0 || ^14.17.0 || >=16.0.0}
    dependencies:
      esrecurse: r2.cnpmjs.org/esrecurse@4.3.0
      estraverse: r2.cnpmjs.org/estraverse@5.3.0
    dev: true

  /eslint-visitor-keys@3.4.0:
    resolution: {integrity: sha512-HPpKPUBQcAsZOsHAFwTtIKcYlCje62XB7SEAcxjtmW6TD1WVpkS6i6/hOVtTZIl4zGj/mBqpFVGvaDneik+VoQ==}
    engines: {node: ^12.22.0 || ^14.17.0 || >=16.0.0}
    dev: true

  /eslint@8.38.0:
    resolution: {integrity: sha512-pIdsD2jwlUGf/U38Jv97t8lq6HpaU/G9NKbYmpWpZGw3LdTNhZLbJePqxOXGB5+JEKfOPU/XLxYxFh03nr1KTg==}
    engines: {node: ^12.22.0 || ^14.17.0 || >=16.0.0}
    hasBin: true
    dependencies:
      '@eslint-community/eslint-utils': 4.4.0(eslint@8.38.0)
      '@eslint-community/regexpp': 4.5.0
      '@eslint/eslintrc': 2.0.2
      '@eslint/js': 8.38.0
      '@humanwhocodes/config-array': 0.11.8
      '@humanwhocodes/module-importer': 1.0.1
      '@nodelib/fs.walk': r2.cnpmjs.org/@nodelib/fs.walk@1.2.8
      ajv: r2.cnpmjs.org/ajv@6.12.6
      chalk: r2.cnpmjs.org/chalk@4.1.2
      cross-spawn: r2.cnpmjs.org/cross-spawn@7.0.3
      debug: 4.3.4
      doctrine: r2.cnpmjs.org/doctrine@3.0.0
      escape-string-regexp: r2.cnpmjs.org/escape-string-regexp@4.0.0
      eslint-scope: 7.2.0
      eslint-visitor-keys: 3.4.0
      espree: 9.5.1
      esquery: 1.5.0
      esutils: r2.cnpmjs.org/esutils@2.0.3
      fast-deep-equal: r2.cnpmjs.org/fast-deep-equal@3.1.3
      file-entry-cache: r2.cnpmjs.org/file-entry-cache@6.0.1
      find-up: r2.cnpmjs.org/find-up@5.0.0
      glob-parent: r2.cnpmjs.org/glob-parent@6.0.2
      globals: 13.20.0
      grapheme-splitter: r2.cnpmjs.org/grapheme-splitter@1.0.4
      ignore: 5.2.4
      import-fresh: r2.cnpmjs.org/import-fresh@3.3.0
      imurmurhash: r2.cnpmjs.org/imurmurhash@0.1.4
      is-glob: r2.cnpmjs.org/is-glob@4.0.3
      is-path-inside: r2.cnpmjs.org/is-path-inside@3.0.3
      js-sdsl: 4.4.0
      js-yaml: r2.cnpmjs.org/js-yaml@4.1.0
      json-stable-stringify-without-jsonify: r2.cnpmjs.org/json-stable-stringify-without-jsonify@1.0.1
      levn: r2.cnpmjs.org/levn@0.4.1
      lodash.merge: r2.cnpmjs.org/lodash.merge@4.6.2
      minimatch: 3.1.2
      natural-compare: r2.cnpmjs.org/natural-compare@1.4.0
      optionator: r2.cnpmjs.org/optionator@0.9.1
      strip-ansi: r2.cnpmjs.org/strip-ansi@6.0.1
      strip-json-comments: r2.cnpmjs.org/strip-json-comments@3.1.1
      text-table: r2.cnpmjs.org/text-table@0.2.0
    transitivePeerDependencies:
      - supports-color
    dev: true

  /espree@9.5.1:
    resolution: {integrity: sha512-5yxtHSZXRSW5pvv3hAlXM5+/Oswi1AUFqBmbibKb5s6bp3rGIDkyXU6xCoyuuLhijr4SFwPrXRoZjz0AZDN9tg==}
    engines: {node: ^12.22.0 || ^14.17.0 || >=16.0.0}
    dependencies:
      acorn: 8.8.2
      acorn-jsx: r2.cnpmjs.org/acorn-jsx@5.3.2(acorn@8.8.2)
      eslint-visitor-keys: 3.4.0
    dev: true

  /esquery@1.5.0:
    resolution: {integrity: sha512-YQLXUplAwJgCydQ78IMJywZCceoqk1oH01OERdSAJc/7U2AylwjhSCLDEtqwg811idIS/9fIU5GjG73IgjKMVg==}
    engines: {node: '>=0.10'}
    dependencies:
      estraverse: r2.cnpmjs.org/estraverse@5.3.0
    dev: true

  /estree-walker@0.6.1:
    resolution: {integrity: sha512-SqmZANLWS0mnatqbSfRP5g8OXZC12Fgg1IwNtLsyHDzJizORW4khDfjPqJZsemPWBB2uqykUah5YpQ6epsqC/w==}
    dev: true

  /estree-walker@1.0.1:
    resolution: {integrity: sha512-1fMXF3YP4pZZVozF8j/ZLfvnR8NSIljt56UhbZ5PeeDmmGHpgpdwQt7ITlGvYaQukCvuBRMLEiKiYC+oeIg4cg==}
    dev: true

  /estree-walker@2.0.2:
    resolution: {integrity: sha512-Rfkk/Mp/DL7JVje3u18FxFujQlTNR2q6QfMSMB7AvCBx91NGj/ba3kCfza0f6dVDbw7YlRf/nDrn7pQrCCyQ/w==}
    dev: true

  /fastq@1.15.0:
    resolution: {integrity: sha512-wBrocU2LCXXa+lWBt8RoIRD89Fi8OdABODa/kEnyeyjS5aZO5/GNvI5sEINADqP/h8M29UHTHUb53sUu5Ihqdw==}
    dependencies:
      reusify: r2.cnpmjs.org/reusify@1.0.4
    dev: true

  /flatted@3.2.7:
    resolution: {integrity: sha512-5nqDSxl8nn5BSNxyR3n4I6eDmbolI6WT+QqR547RwxQapgjQBmtktdP+HTBb/a/zLsbzERTONyUB5pefh5TtjQ==}
    dev: true

  /fs.realpath@1.0.0:
    resolution: {integrity: sha512-OO0pH2lK6a0hZnAdau5ItzHPI6pUlvI7jMVnxUQRtw4owF2wk8lOSabtGDCTP4Ggrg2MbGnWO9X8K1t4+fGMDw==}
    dev: true

  /function-bind@1.1.1:
    resolution: {integrity: sha512-yIovAzMX49sF8Yl58fSCWJ5svSLuaibPxXQJFLmBObTuCr0Mf1KiPopGM9NiFjiYBCbfaa2Fh6breQ6ANVTI0A==}
    dev: true

  /glob@7.2.3:
    resolution: {integrity: sha512-nFR0zLpU2YCaRxwoCJvL6UvCH2JFyFVIvwTLsIf21AuHlMskA1hhTdk+LlYJtOlYt9v6dvszD2BGRqBL+iQK9Q==}
    dependencies:
      fs.realpath: 1.0.0
      inflight: 1.0.6
      inherits: 2.0.4
      minimatch: 3.1.2
      once: 1.4.0
      path-is-absolute: 1.0.1
    dev: true

  /globals@13.20.0:
    resolution: {integrity: sha512-Qg5QtVkCy/kv3FUSlu4ukeZDVf9ee0iXLAUYX13gbR17bnejFTzr4iS9bY7kwCf1NztRNm1t91fjOiyx4CSwPQ==}
    engines: {node: '>=8'}
    dependencies:
      type-fest: r2.cnpmjs.org/type-fest@0.20.2
    dev: true

  /has@1.0.3:
    resolution: {integrity: sha512-f2dvO0VU6Oej7RkWJGrehjbzMAjFp5/VKPp5tTpWIV4JHHZK1/BxbFRtf/siA2SWTe09caDmVtYYzWEIbBS4zw==}
    engines: {node: '>= 0.4.0'}
    dependencies:
      function-bind: 1.1.1
    dev: true

  /husky@8.0.3:
    resolution: {integrity: sha512-+dQSyqPh4x1hlO1swXBiNb2HzTDN1I2IGLQx1GrBuiqFJfoMrnZWwVmatvSiO+Iz8fBUnf+lekwNo4c2LlXItg==}
    engines: {node: '>=14'}
    hasBin: true
    dev: true

  /ignore@5.2.4:
    resolution: {integrity: sha512-MAb38BcSbH0eHNBxn7ql2NH/kX33OkB3lZ1BNdh7ENeRChHTYsTvWrMubiIAMNS2llXEEgZ1MUOBtXChP3kaFQ==}
    engines: {node: '>= 4'}
    dev: true

  /inflight@1.0.6:
    resolution: {integrity: sha512-k92I/b08q4wvFscXCLvqfsHCrjrF7yiXsQuIVvVE7N82W3+aqpzuUdBbfhWcy/FZR3/4IgflMgKLOsvPDrGCJA==}
    dependencies:
      once: 1.4.0
      wrappy: 1.0.2
    dev: true

  /inherits@2.0.4:
    resolution: {integrity: sha512-k/vGaX4/Yla3WzyMCvTQOXYeIHvqOKtnqBduzTHpzpQZzAskKMhZ2K+EnBiSM9zGSoIFeMpXKxa4dYeZIQqewQ==}
    dev: true

  /is-core-module@2.12.0:
    resolution: {integrity: sha512-RECHCBCd/viahWmwj6enj19sKbHfJrddi/6cBDsNTKbNq0f7VeaUkBo60BqzvPqo/W54ChS62Z5qyun7cfOMqQ==}
    dependencies:
      has: 1.0.3
    dev: true

  /is-module@1.0.0:
    resolution: {integrity: sha512-51ypPSPCoTEIN9dy5Oy+h4pShgJmPCygKfyRCISBI+JoWT/2oJvK8QPxmwv7b/p239jXrm9M1mlQbyKJ5A152g==}
    dev: true

  /is-reference@1.2.1:
    resolution: {integrity: sha512-U82MsXXiFIrjCK4otLT+o2NA2Cd2g5MLoOVXUZjIOhLurrRxpEXzI8O0KZHr3IjLvlAH1kTPYSuqer5T9ZVBKQ==}
    dependencies:
      '@types/estree': 1.0.1
    dev: true

  /js-sdsl@4.4.0:
    resolution: {integrity: sha512-FfVSdx6pJ41Oa+CF7RDaFmTnCaFhua+SNYQX74riGOpl96x+2jQCqEfQ2bnXu/5DPCqlRuiqyvTJM0Qjz26IVg==}
    dev: true

  /magic-string@0.25.9:
    resolution: {integrity: sha512-RmF0AsMzgt25qzqqLc1+MbHmhdx0ojF2Fvs4XnOqz2ZOBXzzkEwc/dJQZCYHAn7v1jbVOjAZfK8msRn4BxO4VQ==}
    dependencies:
      sourcemap-codec: 1.4.8
    dev: true

  /minimatch@3.1.2:
    resolution: {integrity: sha512-J7p63hRiAjw1NDEww1W7i37+ByIrOWO5XQQAzZ3VOcL0PNybwpfmV/N05zFAzwQ9USyEcX6t3UO+K5aqBQOIHw==}
    dependencies:
      brace-expansion: 1.1.11
    dev: true

  /once@1.4.0:
    resolution: {integrity: sha512-lNaJgI+2Q5URQBkccEKHTQOPaXdUxnZZElQTZY0MFUAuaEqe1E+Nyvgdz/aIyNi6Z9MzO5dv1H8n58/GELp3+w==}
    dependencies:
      wrappy: 1.0.2
    dev: true

  /path-is-absolute@1.0.1:
    resolution: {integrity: sha512-AVbw3UJ2e9bq64vSaS9Am0fje1Pa8pbGqTTsmXfaIiMpnr5DlDhfJOuLj9Sf95ZPVDAUerDfEk88MPmPe7UCQg==}
    engines: {node: '>=0.10.0'}
    dev: true

  /path-parse@1.0.7:
    resolution: {integrity: sha512-LDJzPVEEEPR+y48z93A0Ed0yXb8pAByGWo/k5YYdYgpY2/2EsOsksJrq7lOHxryrVOn1ejG6oAp8ahvOIQD8sw==}
    dev: true

  /picomatch@2.3.1:
    resolution: {integrity: sha512-JU3teHTNjmE2VCGFzuY8EXzCDVwEqB2a8fsIvwaStHhAWJEeVd1o1QD80CU6+ZdEXXSLbSsuLwJjkCBWqRQUVA==}
    engines: {node: '>=8.6'}
    dev: true

  /punycode@2.3.0:
    resolution: {integrity: sha512-rRV+zQD8tVFys26lAGR9WUuS4iUAngJScM+ZRSKtvl5tKeZ2t5bvdNFdNHBW9FWR4guGHlgmsZ1G7BSm2wTbuA==}
    engines: {node: '>=6'}
    dev: true

  /resolve@1.22.2:
    resolution: {integrity: sha512-Sb+mjNHOULsBv818T40qSPeRiuWLyaGMa5ewydRLFimneixmVy2zdivRl+AF6jaYPC8ERxGDmFSiqui6SfPd+g==}
    hasBin: true
    dependencies:
      is-core-module: 2.12.0
      path-parse: 1.0.7
      supports-preserve-symlinks-flag: 1.0.0
    dev: true

  /rollup-plugin-node-resolve@5.2.0(rollup@2.45.1):
    resolution: {integrity: sha512-jUlyaDXts7TW2CqQ4GaO5VJ4PwwaV8VUGA7+km3n6k6xtOEacf61u0VXwN80phY/evMcaS+9eIeJ9MOyDxt5Zw==}
    deprecated: This package has been deprecated and is no longer maintained. Please use @rollup/plugin-node-resolve.
    peerDependencies:
      rollup: '>=1.11.0'
    dependencies:
      '@types/resolve': 0.0.8
      builtin-modules: 3.3.0
      is-module: 1.0.0
      resolve: 1.22.2
      rollup: 2.45.1
      rollup-pluginutils: 2.8.2
    dev: true

  /rollup-pluginutils@2.8.2:
    resolution: {integrity: sha512-EEp9NhnUkwY8aif6bxgovPHMoMoNr2FulJziTndpt5H9RdwC47GSGuII9XxpSdzVGM0GWrNPHV6ie1LTNJPaLQ==}
    dependencies:
      estree-walker: 0.6.1
    dev: true

  /rollup@2.45.1:
    resolution: {integrity: sha512-vPD+JoDj3CY8k6m1bLcAFttXMe78P4CMxoau0iLVS60+S9kLsv2379xaGy4NgYWu+h2WTlucpoLPAoUoixFBag==}
    engines: {node: '>=10.0.0'}
    hasBin: true
    optionalDependencies:
      fsevents: r2.cnpmjs.org/fsevents@2.3.2
    dev: true

  /sourcemap-codec@1.4.8:
    resolution: {integrity: sha512-9NykojV5Uih4lgo5So5dtw+f0JgJX30KCNI8gwhz2J9A15wD0Ml6tjHKwf6fTSa6fAdVBdZeNOs9eJ71qCk8vA==}
    deprecated: Please use @jridgewell/sourcemap-codec instead
    dev: true

  /supports-preserve-symlinks-flag@1.0.0:
    resolution: {integrity: sha512-ot0WnXS9fgdkgIcePe6RHNk1WA8+muPa6cSjeR3V8K27q9BB1rTE3R1p7Hv0z1ZyAc8s6Vvv8DIyWf681MAt0w==}
    engines: {node: '>= 0.4'}
    dev: true

  /tslib@2.5.0:
    resolution: {integrity: sha512-336iVw3rtn2BUK7ORdIAHTyxHGRIHVReokCR3XjbckJMK7ms8FysBfhLR8IXnAgy7T0PTPNBWKiH514FOW/WSg==}
    dev: true

  /typescript@5.0.4:
    resolution: {integrity: sha512-cW9T5W9xY37cc+jfEnaUvX91foxtHkza3Nw3wkoF4sSlKn0MONdkdEndig/qPBWXNkmplh3NzayQzCiHM4/hqw==}
    engines: {node: '>=12.20'}
    hasBin: true
    dev: true

  /wrappy@1.0.2:
    resolution: {integrity: sha512-l4Sp/DRseor9wL6EvV2+TuQn63dMkPjZ/sp9XkghTEbV9KlPS1xUsZ3u7/IQO4wxtcFB4bgpQPRcR3QCvezPcQ==}
    dev: true

  r2.cnpmjs.org/@humanwhocodes/object-schema@1.2.1:
    resolution: {integrity: sha512-ZnQMnLV4e7hDlUvw8H+U8ASL02SS2Gn6+9Ac3wGGLIe7+je2AeAOxPY+izIPJDfFDb7eDjev0Us8MO1iFRN8hA==, registry: https://r.cnpmjs.org/, tarball: https://r2.cnpmjs.org/@humanwhocodes/object-schema/-/object-schema-1.2.1.tgz}
    name: '@humanwhocodes/object-schema'
    version: 1.2.1
    dev: true

  r2.cnpmjs.org/@nodelib/fs.scandir@2.1.5:
    resolution: {integrity: sha512-vq24Bq3ym5HEQm2NKCr3yXDwjc7vTsEThRDnkp2DK9p1uqLR+DHurm/NOTo0KG7HYHU7eppKZj3MyqYuMBf62g==, registry: https://r.cnpmjs.org/, tarball: https://r2.cnpmjs.org/@nodelib/fs.scandir/-/fs.scandir-2.1.5.tgz}
    name: '@nodelib/fs.scandir'
    version: 2.1.5
    engines: {node: '>= 8'}
    dependencies:
      '@nodelib/fs.stat': r2.cnpmjs.org/@nodelib/fs.stat@2.0.5
      run-parallel: r2.cnpmjs.org/run-parallel@1.2.0
    dev: true

  r2.cnpmjs.org/@nodelib/fs.stat@2.0.5:
    resolution: {integrity: sha512-RkhPPp2zrqDAQA/2jNhnztcPAlv64XdhIp7a7454A5ovI7Bukxgt7MX7udwAu3zg1DcpPU0rz3VV1SeaqvY4+A==, registry: https://r.cnpmjs.org/, tarball: https://r2.cnpmjs.org/@nodelib/fs.stat/-/fs.stat-2.0.5.tgz}
    name: '@nodelib/fs.stat'
    version: 2.0.5
    engines: {node: '>= 8'}
    dev: true

  r2.cnpmjs.org/@nodelib/fs.walk@1.2.8:
    resolution: {integrity: sha512-oGB+UxlgWcgQkgwo8GcEGwemoTFt3FIO9ababBmaGwXIoBKZ+GTy0pP185beGg7Llih/NSHSV2XAs1lnznocSg==, registry: https://r.cnpmjs.org/, tarball: https://r2.cnpmjs.org/@nodelib/fs.walk/-/fs.walk-1.2.8.tgz}
    name: '@nodelib/fs.walk'
    version: 1.2.8
    engines: {node: '>= 8'}
    dependencies:
      '@nodelib/fs.scandir': r2.cnpmjs.org/@nodelib/fs.scandir@2.1.5
      fastq: 1.15.0
    dev: true

  r2.cnpmjs.org/acorn-jsx@5.3.2(acorn@8.8.2):
    resolution: {integrity: sha512-rq9s+JNhf0IChjtDXxllJ7g41oZk5SlXtp0LHwyA5cejwn7vKmKp4pPri6YEePv2PU65sAsegbXtIinmDFDXgQ==, registry: https://r.cnpmjs.org/, tarball: https://r2.cnpmjs.org/acorn-jsx/-/acorn-jsx-5.3.2.tgz}
    id: r2.cnpmjs.org/acorn-jsx/5.3.2
    name: acorn-jsx
    version: 5.3.2
    peerDependencies:
      acorn: ^6.0.0 || ^7.0.0 || ^8.0.0
    dependencies:
      acorn: 8.8.2
    dev: true

  r2.cnpmjs.org/ajv@6.12.6:
    resolution: {integrity: sha512-j3fVLgvTo527anyYyJOGTYJbG+vnnQYvE0m5mmkc1TK+nxAppkCLMIL0aZ4dblVCNoGShhm+kzE4ZUykBoMg4g==, registry: https://r.cnpmjs.org/, tarball: https://r2.cnpmjs.org/ajv/-/ajv-6.12.6.tgz}
    name: ajv
    version: 6.12.6
    dependencies:
      fast-deep-equal: r2.cnpmjs.org/fast-deep-equal@3.1.3
      fast-json-stable-stringify: r2.cnpmjs.org/fast-json-stable-stringify@2.1.0
      json-schema-traverse: r2.cnpmjs.org/json-schema-traverse@0.4.1
      uri-js: r2.cnpmjs.org/uri-js@4.4.1
    dev: true

  r2.cnpmjs.org/ansi-regex@5.0.1:
    resolution: {integrity: sha512-quJQXlTSUGL2LH9SUXo8VwsY4soanhgo6LNSm84E1LBcE8s3O0wpdiRzyR9z/ZZJMlMWv37qOOb9pdJlMUEKFQ==, registry: https://r.cnpmjs.org/, tarball: https://r2.cnpmjs.org/ansi-regex/-/ansi-regex-5.0.1.tgz}
    name: ansi-regex
    version: 5.0.1
    engines: {node: '>=8'}
    dev: true

  r2.cnpmjs.org/ansi-styles@4.3.0:
    resolution: {integrity: sha512-zbB9rCJAT1rbjiVDb2hqKFHNYLxgtk8NURxZ3IZwD3F6NtxbXZQCnnSi1Lkx+IDohdPlFp222wVALIheZJQSEg==, registry: https://r.cnpmjs.org/, tarball: https://r2.cnpmjs.org/ansi-styles/-/ansi-styles-4.3.0.tgz}
    name: ansi-styles
    version: 4.3.0
    engines: {node: '>=8'}
    dependencies:
      color-convert: r2.cnpmjs.org/color-convert@2.0.1
    dev: true

  r2.cnpmjs.org/argparse@2.0.1:
    resolution: {integrity: sha512-8+9WqebbFzpX9OR+Wa6O29asIogeRMzcGtAINdpMHHyAg10f05aSFVBbcEqGf/PXw1EjAZ+q2/bEBg3DvurK3Q==, registry: https://r.cnpmjs.org/, tarball: https://r2.cnpmjs.org/argparse/-/argparse-2.0.1.tgz}
    name: argparse
    version: 2.0.1
    dev: true

  r2.cnpmjs.org/callsites@3.1.0:
    resolution: {integrity: sha512-P8BjAsXvZS+VIDUI11hHCQEv74YT67YUi5JJFNWIqL235sBmjX4+qx9Muvls5ivyNENctx46xQLQ3aTuE7ssaQ==, registry: https://r.cnpmjs.org/, tarball: https://r2.cnpmjs.org/callsites/-/callsites-3.1.0.tgz}
    name: callsites
    version: 3.1.0
    engines: {node: '>=6'}
    dev: true

  r2.cnpmjs.org/chalk@4.1.2:
    resolution: {integrity: sha512-oKnbhFyRIXpUuez8iBMmyEa4nbj4IOQyuhc/wy9kY7/WVPcwIO9VA668Pu8RkO7+0G76SLROeyw9CpQ061i4mA==, registry: https://r.cnpmjs.org/, tarball: https://r2.cnpmjs.org/chalk/-/chalk-4.1.2.tgz}
    name: chalk
    version: 4.1.2
    engines: {node: '>=10'}
    dependencies:
      ansi-styles: r2.cnpmjs.org/ansi-styles@4.3.0
      supports-color: r2.cnpmjs.org/supports-color@7.2.0
    dev: true

  r2.cnpmjs.org/color-convert@2.0.1:
    resolution: {integrity: sha512-RRECPsj7iu/xb5oKYcsFHSppFNnsj/52OVTRKb4zP5onXwVF3zVmmToNcOfGC+CRDpfK/U584fMg38ZHCaElKQ==, registry: https://r.cnpmjs.org/, tarball: https://r2.cnpmjs.org/color-convert/-/color-convert-2.0.1.tgz}
    name: color-convert
    version: 2.0.1
    engines: {node: '>=7.0.0'}
    dependencies:
      color-name: r2.cnpmjs.org/color-name@1.1.4
    dev: true

  r2.cnpmjs.org/color-name@1.1.4:
    resolution: {integrity: sha512-dOy+3AuW3a2wNbZHIuMZpTcgjGuLU/uBL/ubcZF9OXbDo8ff4O8yVp5Bf0efS8uEoYo5q4Fx7dY9OgQGXgAsQA==, registry: https://r.cnpmjs.org/, tarball: https://r2.cnpmjs.org/color-name/-/color-name-1.1.4.tgz}
    name: color-name
    version: 1.1.4
    dev: true

  r2.cnpmjs.org/cross-spawn@7.0.3:
    resolution: {integrity: sha512-iRDPJKUPVEND7dHPO8rkbOnPpyDygcDFtWjpeWNCgy8WP2rXcxXL8TskReQl6OrB2G7+UJrags1q15Fudc7G6w==, registry: https://r.cnpmjs.org/, tarball: https://r2.cnpmjs.org/cross-spawn/-/cross-spawn-7.0.3.tgz}
    name: cross-spawn
    version: 7.0.3
    engines: {node: '>= 8'}
    dependencies:
      path-key: r2.cnpmjs.org/path-key@3.1.1
      shebang-command: r2.cnpmjs.org/shebang-command@2.0.0
      which: r2.cnpmjs.org/which@2.0.2
    dev: true

  r2.cnpmjs.org/deep-is@0.1.4:
    resolution: {integrity: sha512-oIPzksmTg4/MriiaYGO+okXDT7ztn/w3Eptv/+gSIdMdKsJo0u4CfYNFJPy+4SKMuCqGw2wxnA+URMg3t8a/bQ==, registry: https://r.cnpmjs.org/, tarball: https://r2.cnpmjs.org/deep-is/-/deep-is-0.1.4.tgz}
    name: deep-is
    version: 0.1.4
    dev: true

  r2.cnpmjs.org/doctrine@3.0.0:
    resolution: {integrity: sha512-yS+Q5i3hBf7GBkd4KG8a7eBNNWNGLTaEwwYWUijIYM7zrlYDM0BFXHjjPWlWZ1Rg7UaddZeIDmi9jF3HmqiQ2w==, registry: https://r.cnpmjs.org/, tarball: https://r2.cnpmjs.org/doctrine/-/doctrine-3.0.0.tgz}
    name: doctrine
    version: 3.0.0
    engines: {node: '>=6.0.0'}
    dependencies:
      esutils: r2.cnpmjs.org/esutils@2.0.3
    dev: true

  r2.cnpmjs.org/escape-string-regexp@4.0.0:
    resolution: {integrity: sha512-TtpcNJ3XAzx3Gq8sWRzJaVajRs0uVxA2YAkdb1jm2YkPz4G6egUFAyA3n5vtEIZefPk5Wa4UXbKuS5fKkJWdgA==, registry: https://r.cnpmjs.org/, tarball: https://r2.cnpmjs.org/escape-string-regexp/-/escape-string-regexp-4.0.0.tgz}
    name: escape-string-regexp
    version: 4.0.0
    engines: {node: '>=10'}
    dev: true

  r2.cnpmjs.org/esrecurse@4.3.0:
    resolution: {integrity: sha512-KmfKL3b6G+RXvP8N1vr3Tq1kL/oCFgn2NYXEtqP8/L3pKapUA4G8cFVaoF3SU323CD4XypR/ffioHmkti6/Tag==, registry: https://r.cnpmjs.org/, tarball: https://r2.cnpmjs.org/esrecurse/-/esrecurse-4.3.0.tgz}
    name: esrecurse
    version: 4.3.0
    engines: {node: '>=4.0'}
    dependencies:
      estraverse: r2.cnpmjs.org/estraverse@5.3.0
    dev: true

  r2.cnpmjs.org/estraverse@5.3.0:
    resolution: {integrity: sha512-MMdARuVEQziNTeJD8DgMqmhwR11BRQ/cBP+pLtYdSTnf3MIO8fFeiINEbX36ZdNlfU/7A9f3gUw49B3oQsvwBA==, registry: https://r.cnpmjs.org/, tarball: https://r2.cnpmjs.org/estraverse/-/estraverse-5.3.0.tgz}
    name: estraverse
    version: 5.3.0
    engines: {node: '>=4.0'}
    dev: true

  r2.cnpmjs.org/esutils@2.0.3:
    resolution: {integrity: sha512-kVscqXk4OCp68SZ0dkgEKVi6/8ij300KBWTJq32P/dYeWTSwK41WyTxalN1eRmA5Z9UU/LX9D7FWSmV9SAYx6g==, registry: https://r.cnpmjs.org/, tarball: https://r2.cnpmjs.org/esutils/-/esutils-2.0.3.tgz}
    name: esutils
    version: 2.0.3
    engines: {node: '>=0.10.0'}
    dev: true

  r2.cnpmjs.org/fast-deep-equal@3.1.3:
    resolution: {integrity: sha512-f3qQ9oQy9j2AhBe/H9VC91wLmKBCCU/gDOnKNAYG5hswO7BLKj09Hc5HYNz9cGI++xlpDCIgDaitVs03ATR84Q==, registry: https://r.cnpmjs.org/, tarball: https://r2.cnpmjs.org/fast-deep-equal/-/fast-deep-equal-3.1.3.tgz}
    name: fast-deep-equal
    version: 3.1.3
    dev: true

  r2.cnpmjs.org/fast-json-stable-stringify@2.1.0:
    resolution: {integrity: sha512-lhd/wF+Lk98HZoTCtlVraHtfh5XYijIjalXck7saUtuanSDyLMxnHhSXEDJqHxD7msR8D0uCmqlkwjCV8xvwHw==, registry: https://r.cnpmjs.org/, tarball: https://r2.cnpmjs.org/fast-json-stable-stringify/-/fast-json-stable-stringify-2.1.0.tgz}
    name: fast-json-stable-stringify
    version: 2.1.0
    dev: true

  r2.cnpmjs.org/fast-levenshtein@2.0.6:
    resolution: {integrity: sha512-DCXu6Ifhqcks7TZKY3Hxp3y6qphY5SJZmrWMDrKcERSOXWQdMhU9Ig/PYrzyw/ul9jOIyh0N4M0tbC5hodg8dw==, registry: https://r.cnpmjs.org/, tarball: https://r2.cnpmjs.org/fast-levenshtein/-/fast-levenshtein-2.0.6.tgz}
    name: fast-levenshtein
    version: 2.0.6
    dev: true

  r2.cnpmjs.org/file-entry-cache@6.0.1:
    resolution: {integrity: sha512-7Gps/XWymbLk2QLYK4NzpMOrYjMhdIxXuIvy2QBsLE6ljuodKvdkWs/cpyJJ3CVIVpH0Oi1Hvg1ovbMzLdFBBg==, registry: https://r.cnpmjs.org/, tarball: https://r2.cnpmjs.org/file-entry-cache/-/file-entry-cache-6.0.1.tgz}
    name: file-entry-cache
    version: 6.0.1
    engines: {node: ^10.12.0 || >=12.0.0}
    dependencies:
      flat-cache: r2.cnpmjs.org/flat-cache@3.0.4
    dev: true

  r2.cnpmjs.org/find-up@5.0.0:
    resolution: {integrity: sha512-78/PXT1wlLLDgTzDs7sjq9hzz0vXD+zn+7wypEe4fXQxCmdmqfGsEPQxmiCSQI3ajFV91bVSsvNtrJRiW6nGng==, registry: https://r.cnpmjs.org/, tarball: https://r2.cnpmjs.org/find-up/-/find-up-5.0.0.tgz}
    name: find-up
    version: 5.0.0
    engines: {node: '>=10'}
    dependencies:
      locate-path: r2.cnpmjs.org/locate-path@6.0.0
      path-exists: r2.cnpmjs.org/path-exists@4.0.0
    dev: true

  r2.cnpmjs.org/flat-cache@3.0.4:
    resolution: {integrity: sha512-dm9s5Pw7Jc0GvMYbshN6zchCA9RgQlzzEZX3vylR9IqFfS8XciblUXOKfW6SiuJ0e13eDYZoZV5wdrev7P3Nwg==, registry: https://r.cnpmjs.org/, tarball: https://r2.cnpmjs.org/flat-cache/-/flat-cache-3.0.4.tgz}
    name: flat-cache
    version: 3.0.4
    engines: {node: ^10.12.0 || >=12.0.0}
    dependencies:
      flatted: 3.2.7
      rimraf: r2.cnpmjs.org/rimraf@3.0.2
    dev: true

  r2.cnpmjs.org/fsevents@2.3.2:
    resolution: {integrity: sha512-xiqMQR4xAeHTuB9uWm+fFRcIOgKBMiOBP+eXiyT7jsgVCq1bkVygt00oASowB7EdtpOHaaPgKt812P9ab+DDKA==, registry: https://r.cnpmjs.org/, tarball: https://r2.cnpmjs.org/fsevents/-/fsevents-2.3.2.tgz}
    name: fsevents
    version: 2.3.2
    engines: {node: ^8.16.0 || ^10.6.0 || >=11.0.0}
    os: [darwin]
    requiresBuild: true
    dev: true
    optional: true

  r2.cnpmjs.org/glob-parent@6.0.2:
    resolution: {integrity: sha512-XxwI8EOhVQgWp6iDL+3b0r86f4d6AX6zSU55HfB4ydCEuXLXc5FcYeOu+nnGftS4TEju/11rt4KJPTMgbfmv4A==, registry: https://r.cnpmjs.org/, tarball: https://r2.cnpmjs.org/glob-parent/-/glob-parent-6.0.2.tgz}
    name: glob-parent
    version: 6.0.2
    engines: {node: '>=10.13.0'}
    dependencies:
      is-glob: r2.cnpmjs.org/is-glob@4.0.3
    dev: true

  r2.cnpmjs.org/grapheme-splitter@1.0.4:
    resolution: {integrity: sha512-bzh50DW9kTPM00T8y4o8vQg89Di9oLJVLW/KaOGIXJWP/iqCN6WKYkbNOF04vFLJhwcpYUh9ydh/+5vpOqV4YQ==, registry: https://r.cnpmjs.org/, tarball: https://r2.cnpmjs.org/grapheme-splitter/-/grapheme-splitter-1.0.4.tgz}
    name: grapheme-splitter
    version: 1.0.4
    dev: true

  r2.cnpmjs.org/has-flag@4.0.0:
    resolution: {integrity: sha512-EykJT/Q1KjTWctppgIAgfSO0tKVuZUjhgMr17kqTumMl6Afv3EISleU7qZUzoXDFTAHTDC4NOoG/ZxU3EvlMPQ==, registry: https://r.cnpmjs.org/, tarball: https://r2.cnpmjs.org/has-flag/-/has-flag-4.0.0.tgz}
    name: has-flag
    version: 4.0.0
    engines: {node: '>=8'}
    dev: true

  r2.cnpmjs.org/import-fresh@3.3.0:
    resolution: {integrity: sha512-veYYhQa+D1QBKznvhUHxb8faxlrwUnxseDAbAp457E0wLNio2bOSKnjYDhMj+YiAq61xrMGhQk9iXVk5FzgQMw==, registry: https://r.cnpmjs.org/, tarball: https://r2.cnpmjs.org/import-fresh/-/import-fresh-3.3.0.tgz}
    name: import-fresh
    version: 3.3.0
    engines: {node: '>=6'}
    dependencies:
      parent-module: r2.cnpmjs.org/parent-module@1.0.1
      resolve-from: r2.cnpmjs.org/resolve-from@4.0.0
    dev: true

  r2.cnpmjs.org/imurmurhash@0.1.4:
    resolution: {integrity: sha512-JmXMZ6wuvDmLiHEml9ykzqO6lwFbof0GG4IkcGaENdCRDDmMVnny7s5HsIgHCbaq0w2MyPhDqkhTUgS2LU2PHA==, registry: https://r.cnpmjs.org/, tarball: https://r2.cnpmjs.org/imurmurhash/-/imurmurhash-0.1.4.tgz}
    name: imurmurhash
    version: 0.1.4
    engines: {node: '>=0.8.19'}
    dev: true

  r2.cnpmjs.org/is-extglob@2.1.1:
    resolution: {integrity: sha512-SbKbANkN603Vi4jEZv49LeVJMn4yGwsbzZworEoyEiutsN3nJYdbO36zfhGJ6QEDpOZIFkDtnq5JRxmvl3jsoQ==, registry: https://r.cnpmjs.org/, tarball: https://r2.cnpmjs.org/is-extglob/-/is-extglob-2.1.1.tgz}
    name: is-extglob
    version: 2.1.1
    engines: {node: '>=0.10.0'}
    dev: true

  r2.cnpmjs.org/is-glob@4.0.3:
    resolution: {integrity: sha512-xelSayHH36ZgE7ZWhli7pW34hNbNl8Ojv5KVmkJD4hBdD3th8Tfk9vYasLM+mXWOZhFkgZfxhLSnrwRr4elSSg==, registry: https://r.cnpmjs.org/, tarball: https://r2.cnpmjs.org/is-glob/-/is-glob-4.0.3.tgz}
    name: is-glob
    version: 4.0.3
    engines: {node: '>=0.10.0'}
    dependencies:
      is-extglob: r2.cnpmjs.org/is-extglob@2.1.1
    dev: true

  r2.cnpmjs.org/is-path-inside@3.0.3:
    resolution: {integrity: sha512-Fd4gABb+ycGAmKou8eMftCupSir5lRxqf4aD/vd0cD2qc4HL07OjCeuHMr8Ro4CoMaeCKDB0/ECBOVWjTwUvPQ==, registry: https://r.cnpmjs.org/, tarball: https://r2.cnpmjs.org/is-path-inside/-/is-path-inside-3.0.3.tgz}
    name: is-path-inside
    version: 3.0.3
    engines: {node: '>=8'}
    dev: true

  r2.cnpmjs.org/isexe@2.0.0:
    resolution: {integrity: sha512-RHxMLp9lnKHGHRng9QFhRCMbYAcVpn69smSGcq3f36xjgVVWThj4qqLbTLlq7Ssj8B+fIQ1EuCEGI2lKsyQeIw==, registry: https://r.cnpmjs.org/, tarball: https://r2.cnpmjs.org/isexe/-/isexe-2.0.0.tgz}
    name: isexe
    version: 2.0.0
    dev: true

  r2.cnpmjs.org/js-yaml@4.1.0:
    resolution: {integrity: sha512-wpxZs9NoxZaJESJGIZTyDEaYpl0FKSA+FB9aJiyemKhMwkxQg63h4T1KJgUGHpTqPDNRcmmYLugrRjJlBtWvRA==, registry: https://r.cnpmjs.org/, tarball: https://r2.cnpmjs.org/js-yaml/-/js-yaml-4.1.0.tgz}
    name: js-yaml
    version: 4.1.0
    hasBin: true
    dependencies:
      argparse: r2.cnpmjs.org/argparse@2.0.1
    dev: true

  r2.cnpmjs.org/json-schema-traverse@0.4.1:
    resolution: {integrity: sha512-xbbCH5dCYU5T8LcEhhuh7HJ88HXuW3qsI3Y0zOZFKfZEHcpWiHU/Jxzk629Brsab/mMiHQti9wMP+845RPe3Vg==, registry: https://r.cnpmjs.org/, tarball: https://r2.cnpmjs.org/json-schema-traverse/-/json-schema-traverse-0.4.1.tgz}
    name: json-schema-traverse
    version: 0.4.1
    dev: true

  r2.cnpmjs.org/json-stable-stringify-without-jsonify@1.0.1:
    resolution: {integrity: sha512-Bdboy+l7tA3OGW6FjyFHWkP5LuByj1Tk33Ljyq0axyzdk9//JSi2u3fP1QSmd1KNwq6VOKYGlAu87CisVir6Pw==, registry: https://r.cnpmjs.org/, tarball: https://r2.cnpmjs.org/json-stable-stringify-without-jsonify/-/json-stable-stringify-without-jsonify-1.0.1.tgz}
    name: json-stable-stringify-without-jsonify
    version: 1.0.1
    dev: true

  r2.cnpmjs.org/levn@0.4.1:
    resolution: {integrity: sha512-+bT2uH4E5LGE7h/n3evcS/sQlJXCpIp6ym8OWJ5eV6+67Dsql/LaaT7qJBAt2rzfoa/5QBGBhxDix1dMt2kQKQ==, registry: https://r.cnpmjs.org/, tarball: https://r2.cnpmjs.org/levn/-/levn-0.4.1.tgz}
    name: levn
    version: 0.4.1
    engines: {node: '>= 0.8.0'}
    dependencies:
      prelude-ls: r2.cnpmjs.org/prelude-ls@1.2.1
      type-check: r2.cnpmjs.org/type-check@0.4.0
    dev: true

  r2.cnpmjs.org/locate-path@6.0.0:
    resolution: {integrity: sha512-iPZK6eYjbxRu3uB4/WZ3EsEIMJFMqAoopl3R+zuq0UjcAm/MO6KCweDgPfP3elTztoKP3KtnVHxTn2NHBSDVUw==, registry: https://r.cnpmjs.org/, tarball: https://r2.cnpmjs.org/locate-path/-/locate-path-6.0.0.tgz}
    name: locate-path
    version: 6.0.0
    engines: {node: '>=10'}
    dependencies:
      p-locate: r2.cnpmjs.org/p-locate@5.0.0
    dev: true

  r2.cnpmjs.org/lodash.merge@4.6.2:
    resolution: {integrity: sha512-0KpjqXRVvrYyCsX1swR/XTK0va6VQkQM6MNo7PqW77ByjAhoARA8EfrP1N4+KlKj8YS0ZUCtRT/YUuhyYDujIQ==, registry: https://r.cnpmjs.org/, tarball: https://r2.cnpmjs.org/lodash.merge/-/lodash.merge-4.6.2.tgz}
    name: lodash.merge
    version: 4.6.2
    dev: true

  r2.cnpmjs.org/ms@2.1.2:
    resolution: {integrity: sha512-sGkPx+VjMtmA6MX27oA4FBFELFCZZ4S4XqeGOXCv68tT+jb3vk/RyaKWP0PTKyWtmLSM0b+adUTEvbs1PEaH2w==, registry: https://r.cnpmjs.org/, tarball: https://r2.cnpmjs.org/ms/-/ms-2.1.2.tgz}
    name: ms
    version: 2.1.2
    dev: true

  r2.cnpmjs.org/natural-compare@1.4.0:
    resolution: {integrity: sha512-OWND8ei3VtNC9h7V60qff3SVobHr996CTwgxubgyQYEpg290h9J0buyECNNJexkFm5sOajh5G116RYA1c8ZMSw==, registry: https://r.cnpmjs.org/, tarball: https://r2.cnpmjs.org/natural-compare/-/natural-compare-1.4.0.tgz}
    name: natural-compare
    version: 1.4.0
    dev: true

  r2.cnpmjs.org/optionator@0.9.1:
    resolution: {integrity: sha512-74RlY5FCnhq4jRxVUPKDaRwrVNXMqsGsiW6AJw4XK8hmtm10wC0ypZBLw5IIp85NZMr91+qd1RvvENwg7jjRFw==, registry: https://r.cnpmjs.org/, tarball: https://r2.cnpmjs.org/optionator/-/optionator-0.9.1.tgz}
    name: optionator
    version: 0.9.1
    engines: {node: '>= 0.8.0'}
    dependencies:
      deep-is: r2.cnpmjs.org/deep-is@0.1.4
      fast-levenshtein: r2.cnpmjs.org/fast-levenshtein@2.0.6
      levn: r2.cnpmjs.org/levn@0.4.1
      prelude-ls: r2.cnpmjs.org/prelude-ls@1.2.1
      type-check: r2.cnpmjs.org/type-check@0.4.0
      word-wrap: r2.cnpmjs.org/word-wrap@1.2.3
    dev: true

  r2.cnpmjs.org/p-limit@3.1.0:
    resolution: {integrity: sha512-TYOanM3wGwNGsZN2cVTYPArw454xnXj5qmWF1bEoAc4+cU/ol7GVh7odevjp1FNHduHc3KZMcFduxU5Xc6uJRQ==, registry: https://r.cnpmjs.org/, tarball: https://r2.cnpmjs.org/p-limit/-/p-limit-3.1.0.tgz}
    name: p-limit
    version: 3.1.0
    engines: {node: '>=10'}
    dependencies:
      yocto-queue: r2.cnpmjs.org/yocto-queue@0.1.0
    dev: true

  r2.cnpmjs.org/p-locate@5.0.0:
    resolution: {integrity: sha512-LaNjtRWUBY++zB5nE/NwcaoMylSPk+S+ZHNB1TzdbMJMny6dynpAGt7X/tl/QYq3TIeE6nxHppbo2LGymrG5Pw==, registry: https://r.cnpmjs.org/, tarball: https://r2.cnpmjs.org/p-locate/-/p-locate-5.0.0.tgz}
    name: p-locate
    version: 5.0.0
    engines: {node: '>=10'}
    dependencies:
      p-limit: r2.cnpmjs.org/p-limit@3.1.0
    dev: true

  r2.cnpmjs.org/parent-module@1.0.1:
    resolution: {integrity: sha512-GQ2EWRpQV8/o+Aw8YqtfZZPfNRWZYkbidE9k5rpl/hC3vtHHBfGm2Ifi6qWV+coDGkrUKZAxE3Lot5kcsRlh+g==, registry: https://r.cnpmjs.org/, tarball: https://r2.cnpmjs.org/parent-module/-/parent-module-1.0.1.tgz}
    name: parent-module
    version: 1.0.1
    engines: {node: '>=6'}
    dependencies:
      callsites: r2.cnpmjs.org/callsites@3.1.0
    dev: true

  r2.cnpmjs.org/path-exists@4.0.0:
    resolution: {integrity: sha512-ak9Qy5Q7jYb2Wwcey5Fpvg2KoAc/ZIhLSLOSBmRmygPsGwkVVt0fZa0qrtMz+m6tJTAHfZQ8FnmB4MG4LWy7/w==, registry: https://r.cnpmjs.org/, tarball: https://r2.cnpmjs.org/path-exists/-/path-exists-4.0.0.tgz}
    name: path-exists
    version: 4.0.0
    engines: {node: '>=8'}
    dev: true

  r2.cnpmjs.org/path-key@3.1.1:
    resolution: {integrity: sha512-ojmeN0qd+y0jszEtoY48r0Peq5dwMEkIlCOu6Q5f41lfkswXuKtYrhgoTpLnyIcHm24Uhqx+5Tqm2InSwLhE6Q==, registry: https://r.cnpmjs.org/, tarball: https://r2.cnpmjs.org/path-key/-/path-key-3.1.1.tgz}
    name: path-key
    version: 3.1.1
    engines: {node: '>=8'}
    dev: true

  r2.cnpmjs.org/prelude-ls@1.2.1:
    resolution: {integrity: sha512-vkcDPrRZo1QZLbn5RLGPpg/WmIQ65qoWWhcGKf/b5eplkkarX0m9z8ppCat4mlOqUsWpyNuYgO3VRyrYHSzX5g==, registry: https://r.cnpmjs.org/, tarball: https://r2.cnpmjs.org/prelude-ls/-/prelude-ls-1.2.1.tgz}
    name: prelude-ls
    version: 1.2.1
    engines: {node: '>= 0.8.0'}
    dev: true

  r2.cnpmjs.org/queue-microtask@1.2.3:
    resolution: {integrity: sha512-NuaNSa6flKT5JaSYQzJok04JzTL1CA6aGhv5rfLW3PgqA+M2ChpZQnAC8h8i4ZFkBS8X5RqkDBHA7r4hej3K9A==, registry: https://r.cnpmjs.org/, tarball: https://r2.cnpmjs.org/queue-microtask/-/queue-microtask-1.2.3.tgz}
    name: queue-microtask
    version: 1.2.3
    dev: true

  r2.cnpmjs.org/resolve-from@4.0.0:
    resolution: {integrity: sha512-pb/MYmXstAkysRFx8piNI1tGFNQIFA3vkE3Gq4EuA1dF6gHp/+vgZqsCGJapvy8N3Q+4o7FwvquPJcnZ7RYy4g==, registry: https://r.cnpmjs.org/, tarball: https://r2.cnpmjs.org/resolve-from/-/resolve-from-4.0.0.tgz}
    name: resolve-from
    version: 4.0.0
    engines: {node: '>=4'}
    dev: true

  r2.cnpmjs.org/reusify@1.0.4:
    resolution: {integrity: sha512-U9nH88a3fc/ekCF1l0/UP1IosiuIjyTh7hBvXVMHYgVcfGvt897Xguj2UOLDeI5BG2m7/uwyaLVT6fbtCwTyzw==, registry: https://r.cnpmjs.org/, tarball: https://r2.cnpmjs.org/reusify/-/reusify-1.0.4.tgz}
    name: reusify
    version: 1.0.4
    engines: {iojs: '>=1.0.0', node: '>=0.10.0'}
    dev: true

  r2.cnpmjs.org/rimraf@3.0.2:
    resolution: {integrity: sha512-JZkJMZkAGFFPP2YqXZXPbMlMBgsxzE8ILs4lMIX/2o0L9UBw9O/Y3o6wFw/i9YLapcUJWwqbi3kdxIPdC62TIA==, registry: https://r.cnpmjs.org/, tarball: https://r2.cnpmjs.org/rimraf/-/rimraf-3.0.2.tgz}
    name: rimraf
    version: 3.0.2
    hasBin: true
    dependencies:
      glob: 7.2.3
    dev: true

  r2.cnpmjs.org/run-parallel@1.2.0:
    resolution: {integrity: sha512-5l4VyZR86LZ/lDxZTR6jqL8AFE2S0IFLMP26AbjsLVADxHdhB/c0GUsH+y39UfCi3dzz8OlQuPmnaJOMoDHQBA==, registry: https://r.cnpmjs.org/, tarball: https://r2.cnpmjs.org/run-parallel/-/run-parallel-1.2.0.tgz}
    name: run-parallel
    version: 1.2.0
    dependencies:
      queue-microtask: r2.cnpmjs.org/queue-microtask@1.2.3
    dev: true

  r2.cnpmjs.org/shebang-command@2.0.0:
    resolution: {integrity: sha512-kHxr2zZpYtdmrN1qDjrrX/Z1rR1kG8Dx+gkpK1G4eXmvXswmcE1hTWBWYUzlraYw1/yZp6YuDY77YtvbN0dmDA==, registry: https://r.cnpmjs.org/, tarball: https://r2.cnpmjs.org/shebang-command/-/shebang-command-2.0.0.tgz}
    name: shebang-command
    version: 2.0.0
    engines: {node: '>=8'}
    dependencies:
      shebang-regex: r2.cnpmjs.org/shebang-regex@3.0.0
    dev: true

  r2.cnpmjs.org/shebang-regex@3.0.0:
    resolution: {integrity: sha512-7++dFhtcx3353uBaq8DDR4NuxBetBzC7ZQOhmTQInHEd6bSrXdiEyzCvG07Z44UYdLShWUyXt5M/yhz8ekcb1A==, registry: https://r.cnpmjs.org/, tarball: https://r2.cnpmjs.org/shebang-regex/-/shebang-regex-3.0.0.tgz}
    name: shebang-regex
    version: 3.0.0
    engines: {node: '>=8'}
    dev: true

  r2.cnpmjs.org/strip-ansi@6.0.1:
    resolution: {integrity: sha512-Y38VPSHcqkFrCpFnQ9vuSXmquuv5oXOKpGeT6aGrr3o3Gc9AlVa6JBfUSOCnbxGGZF+/0ooI7KrPuUSztUdU5A==, registry: https://r.cnpmjs.org/, tarball: https://r2.cnpmjs.org/strip-ansi/-/strip-ansi-6.0.1.tgz}
    name: strip-ansi
    version: 6.0.1
    engines: {node: '>=8'}
    dependencies:
      ansi-regex: r2.cnpmjs.org/ansi-regex@5.0.1
    dev: true

  r2.cnpmjs.org/strip-json-comments@3.1.1:
    resolution: {integrity: sha512-6fPc+R4ihwqP6N/aIv2f1gMH8lOVtWQHoqC4yK6oSDVVocumAsfCqjkXnqiYMhmMwS/mEHLp7Vehlt3ql6lEig==, registry: https://r.cnpmjs.org/, tarball: https://r2.cnpmjs.org/strip-json-comments/-/strip-json-comments-3.1.1.tgz}
    name: strip-json-comments
    version: 3.1.1
    engines: {node: '>=8'}
    dev: true

  r2.cnpmjs.org/supports-color@7.2.0:
    resolution: {integrity: sha512-qpCAvRl9stuOHveKsn7HncJRvv501qIacKzQlO/+Lwxc9+0q2wLyv4Dfvt80/DPn2pqOBsJdDiogXGR9+OvwRw==, registry: https://r.cnpmjs.org/, tarball: https://r2.cnpmjs.org/supports-color/-/supports-color-7.2.0.tgz}
    name: supports-color
    version: 7.2.0
    engines: {node: '>=8'}
    dependencies:
      has-flag: r2.cnpmjs.org/has-flag@4.0.0
    dev: true

  r2.cnpmjs.org/text-table@0.2.0:
    resolution: {integrity: sha512-N+8UisAXDGk8PFXP4HAzVR9nbfmVJ3zYLAWiTIoqC5v5isinhr+r5uaO8+7r3BMfuNIufIsA7RdpVgacC2cSpw==, registry: https://r.cnpmjs.org/, tarball: https://r2.cnpmjs.org/text-table/-/text-table-0.2.0.tgz}
    name: text-table
    version: 0.2.0
    dev: true

  r2.cnpmjs.org/type-check@0.4.0:
    resolution: {integrity: sha512-XleUoc9uwGXqjWwXaUTZAmzMcFZ5858QA2vvx1Ur5xIcixXIP+8LnFDgRplU30us6teqdlskFfu+ae4K79Ooew==, registry: https://r.cnpmjs.org/, tarball: https://r2.cnpmjs.org/type-check/-/type-check-0.4.0.tgz}
    name: type-check
    version: 0.4.0
    engines: {node: '>= 0.8.0'}
    dependencies:
      prelude-ls: r2.cnpmjs.org/prelude-ls@1.2.1
    dev: true

  r2.cnpmjs.org/type-fest@0.20.2:
    resolution: {integrity: sha512-Ne+eE4r0/iWnpAxD852z3A+N0Bt5RN//NjJwRd2VFHEmrywxf5vsZlh4R6lixl6B+wz/8d+maTSAkN1FIkI3LQ==, registry: https://r.cnpmjs.org/, tarball: https://r2.cnpmjs.org/type-fest/-/type-fest-0.20.2.tgz}
    name: type-fest
    version: 0.20.2
    engines: {node: '>=10'}
    dev: true

  r2.cnpmjs.org/uri-js@4.4.1:
    resolution: {integrity: sha512-7rKUyy33Q1yc98pQ1DAmLtwX109F7TIfWlW1Ydo8Wl1ii1SeHieeh0HHfPeL2fMXK6z0s8ecKs9frCuLJvndBg==, registry: https://r.cnpmjs.org/, tarball: https://r2.cnpmjs.org/uri-js/-/uri-js-4.4.1.tgz}
    name: uri-js
    version: 4.4.1
    dependencies:
      punycode: 2.3.0
    dev: true

  r2.cnpmjs.org/which@2.0.2:
    resolution: {integrity: sha512-BLI3Tl1TW3Pvl70l3yq3Y64i+awpwXqsGBYWkkqMtnbXgrMD+yj7rhW0kuEDxzJaYXGjEW5ogapKNMEKNMjibA==, registry: https://r.cnpmjs.org/, tarball: https://r2.cnpmjs.org/which/-/which-2.0.2.tgz}
    name: which
    version: 2.0.2
    engines: {node: '>= 8'}
    hasBin: true
    dependencies:
      isexe: r2.cnpmjs.org/isexe@2.0.0
    dev: true

  r2.cnpmjs.org/word-wrap@1.2.3:
    resolution: {integrity: sha512-Hz/mrNwitNRh/HUAtM/VT/5VH+ygD6DV7mYKZAtHOrbs8U7lvPS6xf7EJKMF0uW1KJCl0H701g3ZGus+muE5vQ==, registry: https://r.cnpmjs.org/, tarball: https://r2.cnpmjs.org/word-wrap/-/word-wrap-1.2.3.tgz}
    name: word-wrap
    version: 1.2.3
    engines: {node: '>=0.10.0'}
    dev: true

  r2.cnpmjs.org/yocto-queue@0.1.0:
    resolution: {integrity: sha512-rVksvsnNCdJ/ohGc6xgPwyN8eheCxsiLM8mxuE/t/mOVqJewPuO1miLpTHQiRgTKCLexL4MeAFVagts7HmNZ2Q==, registry: https://r.cnpmjs.org/, tarball: https://r2.cnpmjs.org/yocto-queue/-/yocto-queue-0.1.0.tgz}
    name: yocto-queue
    version: 0.1.0
    engines: {node: '>=10'}
    dev: true
